// !$*UTF8*$!
{
	archiveVersion = 1;
	classes = {
	};
	objectVersion = 50;
	objects = {

/* Begin PBXBuildFile section */
		E96AB3932362E431001D0B2C /* AppDelegate.swift in Sources */ = {isa = PBXBuildFile; fileRef = E96AB3922362E431001D0B2C /* AppDelegate.swift */; };
		E96AB3952362E431001D0B2C /* ViewController.swift in Sources */ = {isa = PBXBuildFile; fileRef = E96AB3942362E431001D0B2C /* ViewController.swift */; };
		E96AB3982362E431001D0B2C /* Main.storyboard in Resources */ = {isa = PBXBuildFile; fileRef = E96AB3962362E431001D0B2C /* Main.storyboard */; };
		E96AB39A2362E433001D0B2C /* Assets.xcassets in Resources */ = {isa = PBXBuildFile; fileRef = E96AB3992362E433001D0B2C /* Assets.xcassets */; };
		E96AB39D2362E433001D0B2C /* LaunchScreen.storyboard in Resources */ = {isa = PBXBuildFile; fileRef = E96AB39B2362E433001D0B2C /* LaunchScreen.storyboard */; };
		E96AB3A52362E49B001D0B2C /* TableViewController.swift in Sources */ = {isa = PBXBuildFile; fileRef = E96AB3A42362E49B001D0B2C /* TableViewController.swift */; };
		E96AB3A72362E4B7001D0B2C /* TableViewCell.swift in Sources */ = {isa = PBXBuildFile; fileRef = E96AB3A62362E4B7001D0B2C /* TableViewCell.swift */; };
		F24D8FBF238D56140042AB00 /* Sample.swift in Sources */ = {isa = PBXBuildFile; fileRef = F24D8FBE238D56140042AB00 /* Sample.swift */; };
		F24D8FC1238D58820042AB00 /* rtfgr4gt.swift in Sources */ = {isa = PBXBuildFile; fileRef = F24D8FC0238D58820042AB00 /* rtfgr4gt.swift */; };
/* End PBXBuildFile section */

/* Begin PBXFileReference section */
		E96AB38F2362E431001D0B2C /* TableviewTextfield.app */ = {isa = PBXFileReference; explicitFileType = wrapper.application; includeInIndex = 0; path = TableviewTextfield.app; sourceTree = BUILT_PRODUCTS_DIR; };
		E96AB3922362E431001D0B2C /* AppDelegate.swift */ = {isa = PBXFileReference; lastKnownFileType = sourcecode.swift; path = AppDelegate.swift; sourceTree = "<group>"; };
		E96AB3942362E431001D0B2C /* ViewController.swift */ = {isa = PBXFileReference; lastKnownFileType = sourcecode.swift; path = ViewController.swift; sourceTree = "<group>"; };
		E96AB3972362E431001D0B2C /* Base */ = {isa = PBXFileReference; lastKnownFileType = file.storyboard; name = Base; path = Base.lproj/Main.storyboard; sourceTree = "<group>"; };
		E96AB3992362E433001D0B2C /* Assets.xcassets */ = {isa = PBXFileReference; lastKnownFileType = folder.assetcatalog; path = Assets.xcassets; sourceTree = "<group>"; };
		E96AB39C2362E433001D0B2C /* Base */ = {isa = PBXFileReference; lastKnownFileType = file.storyboard; name = Base; path = Base.lproj/LaunchScreen.storyboard; sourceTree = "<group>"; };
		E96AB39E2362E433001D0B2C /* Info.plist */ = {isa = PBXFileReference; lastKnownFileType = text.plist.xml; path = Info.plist; sourceTree = "<group>"; };
		E96AB3A42362E49B001D0B2C /* TableViewController.swift */ = {isa = PBXFileReference; lastKnownFileType = sourcecode.swift; path = TableViewController.swift; sourceTree = "<group>"; };
		E96AB3A62362E4B7001D0B2C /* TableViewCell.swift */ = {isa = PBXFileReference; lastKnownFileType = sourcecode.swift; path = TableViewCell.swift; sourceTree = "<group>"; };
		F24D8FBE238D56140042AB00 /* Sample.swift */ = {isa = PBXFileReference; lastKnownFileType = sourcecode.swift; path = Sample.swift; sourceTree = "<group>"; };
		F24D8FC0238D58820042AB00 /* rtfgr4gt.swift */ = {isa = PBXFileReference; lastKnownFileType = sourcecode.swift; path = rtfgr4gt.swift; sourceTree = "<group>"; };
/* End PBXFileReference section */

/* Begin PBXFrameworksBuildPhase section */
		E96AB38C2362E431001D0B2C /* Frameworks */ = {
			isa = PBXFrameworksBuildPhase;
			buildActionMask = 2147483647;
			files = (
			);
			runOnlyForDeploymentPostprocessing = 0;
		};
/* End PBXFrameworksBuildPhase section */

/* Begin PBXGroup section */
		E96AB3862362E431001D0B2C = {
			isa = PBXGroup;
			children = (
				E96AB3912362E431001D0B2C /* TableviewTextfield */,
				E96AB3902362E431001D0B2C /* Products */,
			);
			sourceTree = "<group>";
		};
		E96AB3902362E431001D0B2C /* Products */ = {
			isa = PBXGroup;
			children = (
				E96AB38F2362E431001D0B2C /* TableviewTextfield.app */,
			);
			name = Products;
			sourceTree = "<group>";
		};
		E96AB3912362E431001D0B2C /* TableviewTextfield */ = {
			isa = PBXGroup;
			children = (
				E96AB3A42362E49B001D0B2C /* TableViewController.swift */,
				E96AB3922362E431001D0B2C /* AppDelegate.swift */,
				E96AB3942362E431001D0B2C /* ViewController.swift */,
				E96AB3A62362E4B7001D0B2C /* TableViewCell.swift */,
				E96AB3962362E431001D0B2C /* Main.storyboard */,
				E96AB3992362E433001D0B2C /* Assets.xcassets */,
				E96AB39B2362E433001D0B2C /* LaunchScreen.storyboard */,
				E96AB39E2362E433001D0B2C /* Info.plist */,
				F24D8FBE238D56140042AB00 /* Sample.swift */,
				F24D8FC0238D58820042AB00 /* rtfgr4gt.swift */,
			);
			path = TableviewTextfield;
			sourceTree = "<group>";
		};
/* End PBXGroup section */

/* Begin PBXNativeTarget section */
		E96AB38E2362E431001D0B2C /* TableviewTextfield */ = {
			isa = PBXNativeTarget;
			buildConfigurationList = E96AB3A12362E433001D0B2C /* Build configuration list for PBXNativeTarget "TableviewTextfield" */;
			buildPhases = (
				E96AB38B2362E431001D0B2C /* Sources */,
				E96AB38C2362E431001D0B2C /* Frameworks */,
				E96AB38D2362E431001D0B2C /* Resources */,
			);
			buildRules = (
			);
			dependencies = (
			);
			name = TableviewTextfield;
			productName = TableviewTextfield;
			productReference = E96AB38F2362E431001D0B2C /* TableviewTextfield.app */;
			productType = "com.apple.product-type.application";
		};
/* End PBXNativeTarget section */

/* Begin PBXProject section */
		E96AB3872362E431001D0B2C /* Project object */ = {
			isa = PBXProject;
			attributes = {
				LastSwiftUpdateCheck = 1010;
				LastUpgradeCheck = 1010;
				ORGANIZATIONNAME = neosoft;
				TargetAttributes = {
					E96AB38E2362E431001D0B2C = {
						CreatedOnToolsVersion = 10.1;
					};
				};
			};
			buildConfigurationList = E96AB38A2362E431001D0B2C /* Build configuration list for PBXProject "TableviewTextfield" */;
			compatibilityVersion = "Xcode 9.3";
			developmentRegion = en;
			hasScannedForEncodings = 0;
			knownRegions = (
				en,
				Base,
			);
			mainGroup = E96AB3862362E431001D0B2C;
			productRefGroup = E96AB3902362E431001D0B2C /* Products */;
			projectDirPath = "";
			projectRoot = "";
			targets = (
				E96AB38E2362E431001D0B2C /* TableviewTextfield */,
			);
		};
/* End PBXProject section */

/* Begin PBXResourcesBuildPhase section */
		E96AB38D2362E431001D0B2C /* Resources */ = {
			isa = PBXResourcesBuildPhase;
			buildActionMask = 2147483647;
			files = (
				E96AB39D2362E433001D0B2C /* LaunchScreen.storyboard in Resources */,
				E96AB39A2362E433001D0B2C /* Assets.xcassets in Resources */,
				E96AB3982362E431001D0B2C /* Main.storyboard in Resources */,
			);
			runOnlyForDeploymentPostprocessing = 0;
		};
/* End PBXResourcesBuildPhase section */

/* Begin PBXSourcesBuildPhase section */
		E96AB38B2362E431001D0B2C /* Sources */ = {
			isa = PBXSourcesBuildPhase;
			buildActionMask = 2147483647;
			files = (
				F24D8FBF238D56140042AB00 /* Sample.swift in Sources */,
				E96AB3952362E431001D0B2C /* ViewController.swift in Sources */,
				E96AB3A72362E4B7001D0B2C /* TableViewCell.swift in Sources */,
				E96AB3A52362E49B001D0B2C /* TableViewController.swift in Sources */,
				E96AB3932362E431001D0B2C /* AppDelegate.swift in Sources */,
				F24D8FC1238D58820042AB00 /* rtfgr4gt.swift in Sources */,
			);
			runOnlyForDeploymentPostprocessing = 0;
		};
/* End PBXSourcesBuildPhase section */

/* Begin PBXVariantGroup section */
		E96AB3962362E431001D0B2C /* Main.storyboard */ = {
			isa = PBXVariantGroup;
			children = (
				E96AB3972362E431001D0B2C /* Base */,
			);
			name = Main.storyboard;
			sourceTree = "<group>";
		};
		E96AB39B2362E433001D0B2C /* LaunchScreen.storyboard */ = {
			isa = PBXVariantGroup;
			children = (
				E96AB39C2362E433001D0B2C /* Base */,
			);
			name = LaunchScreen.storyboard;
			sourceTree = "<group>";
		};
/* End PBXVariantGroup section */

/* Begin XCBuildConfiguration section */
		E96AB39F2362E433001D0B2C /* Debug */ = {
			isa = XCBuildConfiguration;
			buildSettings = {
				ALWAYS_SEARCH_USER_PATHS = NO;
				CLANG_ANALYZER_NONNULL = YES;
				CLANG_ANALYZER_NUMBER_OBJECT_CONVERSION = YES_AGGRESSIVE;
				CLANG_CXX_LANGUAGE_STANDARD = "gnu++14";
				CLANG_CXX_LIBRARY = "libc++";
				CLANG_ENABLE_MODULES = YES;
				CLANG_ENABLE_OBJC_ARC = YES;
				CLANG_ENABLE_OBJC_WEAK = YES;
				CLANG_WARN_BLOCK_CAPTURE_AUTORELEASING = YES;
				CLANG_WARN_BOOL_CONVERSION = YES;
				CLANG_WARN_COMMA = YES;
				CLANG_WARN_CONSTANT_CONVERSION = YES;
				CLANG_WARN_DEPRECATED_OBJC_IMPLEMENTATIONS = YES;
				CLANG_WARN_DIRECT_OBJC_ISA_USAGE = YES_ERROR;
				CLANG_WARN_DOCUMENTATION_COMMENTS = YES;
				CLANG_WARN_EMPTY_BODY = YES;
				CLANG_WARN_ENUM_CONVERSION = YES;
				CLANG_WARN_INFINITE_RECURSION = YES;
				CLANG_WARN_INT_CONVERSION = YES;
				CLANG_WARN_NON_LITERAL_NULL_CONVERSION = YES;
				CLANG_WARN_OBJC_IMPLICIT_RETAIN_SELF = YES;
				CLANG_WARN_OBJC_LITERAL_CONVERSION = YES;
				CLANG_WARN_OBJC_ROOT_CLASS = YES_ERROR;
				CLANG_WARN_RANGE_LOOP_ANALYSIS = YES;
				CLANG_WARN_STRICT_PROTOTYPES = YES;
				CLANG_WARN_SUSPICIOUS_MOVE = YES;
				CLANG_WARN_UNGUARDED_AVAILABILITY = YES_AGGRESSIVE;
				CLANG_WARN_UNREACHABLE_CODE = YES;
				CLANG_WARN__DUPLICATE_METHOD_MATCH = YES;
				CODE_SIGN_IDENTITY = "iPhone Developer";
				COPY_PHASE_STRIP = NO;
				DEBUG_INFORMATION_FORMAT = dwarf;
				ENABLE_STRICT_OBJC_MSGSEND = YES;
				ENABLE_TESTABILITY = YES;
				GCC_C_LANGUAGE_STANDARD = gnu11;
				GCC_DYNAMIC_NO_PIC = NO;
				GCC_NO_COMMON_BLOCKS = YES;
				GCC_OPTIMIZATION_LEVEL = 0;
				GCC_PREPROCESSOR_DEFINITIONS = (
					"DEBUG=1",
					"$(inherited)",
				);
				GCC_WARN_64_TO_32_BIT_CONVERSION = YES;
				GCC_WARN_ABOUT_RETURN_TYPE = YES_ERROR;
				GCC_WARN_UNDECLARED_SELECTOR = YES;
				GCC_WARN_UNINITIALIZED_AUTOS = YES_AGGRESSIVE;
				GCC_WARN_UNUSED_FUNCTION = YES;
				GCC_WARN_UNUSED_VARIABLE = YES;
				IPHONEOS_DEPLOYMENT_TARGET = 12.1;
				MTL_ENABLE_DEBUG_INFO = INCLUDE_SOURCE;
				MTL_FAST_MATH = YES;
				ONLY_ACTIVE_ARCH = YES;
				SDKROOT = iphoneos;
				SWIFT_ACTIVE_COMPILATION_CONDITIONS = DEBUG;
				SWIFT_OPTIMIZATION_LEVEL = "-Onone";
			};
			name = Debug;
		};
		E96AB3A02362E433001D0B2C /* Release */ = {
			isa = XCBuildConfiguration;
			buildSettings = {
				ALWAYS_SEARCH_USER_PATHS = NO;
				CLANG_ANALYZER_NONNULL = YES;
				CLANG_ANALYZER_NUMBER_OBJECT_CONVERSION = YES_AGGRESSIVE;
				CLANG_CXX_LANGUAGE_STANDARD = "gnu++14";
				CLANG_CXX_LIBRARY = "libc++";
				CLANG_ENABLE_MODULES = YES;
				CLANG_ENABLE_OBJC_ARC = YES;
				CLANG_ENABLE_OBJC_WEAK = YES;
				CLANG_WARN_BLOCK_CAPTURE_AUTORELEASING = YES;
				CLANG_WARN_BOOL_CONVERSION = YES;
				CLANG_WARN_COMMA = YES;
				CLANG_WARN_CONSTANT_CONVERSION = YES;
				CLANG_WARN_DEPRECATED_OBJC_IMPLEMENTATIONS = YES;
				CLANG_WARN_DIRECT_OBJC_ISA_USAGE = YES_ERROR;
				CLANG_WARN_DOCUMENTATION_COMMENTS = YES;
				CLANG_WARN_EMPTY_BODY = YES;
				CLANG_WARN_ENUM_CONVERSION = YES;
				CLANG_WARN_INFINITE_RECURSION = YES;
				CLANG_WARN_INT_CONVERSION = YES;
				CLANG_WARN_NON_LITERAL_NULL_CONVERSION = YES;
				CLANG_WARN_OBJC_IMPLICIT_RETAIN_SELF = YES;
				CLANG_WARN_OBJC_LITERAL_CONVERSION = YES;
				CLANG_WARN_OBJC_ROOT_CLASS = YES_ERROR;
				CLANG_WARN_RANGE_LOOP_ANALYSIS = YES;
				CLANG_WARN_STRICT_PROTOTYPES = YES;
				CLANG_WARN_SUSPICIOUS_MOVE = YES;
				CLANG_WARN_UNGUARDED_AVAILABILITY = YES_AGGRESSIVE;
				CLANG_WARN_UNREACHABLE_CODE = YES;
				CLANG_WARN__DUPLICATE_METHOD_MATCH = YES;
				CODE_SIGN_IDENTITY = "iPhone Developer";
				COPY_PHASE_STRIP = NO;
				DEBUG_INFORMATION_FORMAT = "dwarf-with-dsym";
				ENABLE_NS_ASSERTIONS = NO;
				ENABLE_STRICT_OBJC_MSGSEND = YES;
				GCC_C_LANGUAGE_STANDARD = gnu11;
				GCC_NO_COMMON_BLOCKS = YES;
				GCC_WARN_64_TO_32_BIT_CONVERSION = YES;
				GCC_WARN_ABOUT_RETURN_TYPE = YES_ERROR;
				GCC_WARN_UNDECLARED_SELECTOR = YES;
				GCC_WARN_UNINITIALIZED_AUTOS = YES_AGGRESSIVE;
				GCC_WARN_UNUSED_FUNCTION = YES;
				GCC_WARN_UNUSED_VARIABLE = YES;
				IPHONEOS_DEPLOYMENT_TARGET = 12.1;
				MTL_ENABLE_DEBUG_INFO = NO;
				MTL_FAST_MATH = YES;
				SDKROOT = iphoneos;
				SWIFT_COMPILATION_MODE = wholemodule;
				SWIFT_OPTIMIZATION_LEVEL = "-O";
				VALIDATE_PRODUCT = YES;
			};
			name = Release;
		};
		E96AB3A22362E433001D0B2C /* Debug */ = {
			isa = XCBuildConfiguration;
			buildSettings = {
				ASSETCATALOG_COMPILER_APPICON_NAME = AppIcon;
				CODE_SIGN_STYLE = Automatic;
				INFOPLIST_FILE = TableviewTextfield/Info.plist;
				IPHONEOS_DEPLOYMENT_TARGET = 11.4;
				LD_RUNPATH_SEARCH_PATHS = (
					"$(inherited)",
					"@executable_path/Frameworks",
				);
				PRODUCT_BUNDLE_IDENTIFIER = com.neosofttech.FlashDemo.TableviewTextfield;
				PRODUCT_NAME = "$(TARGET_NAME)";
				SWIFT_VERSION = 4.2;
				TARGETED_DEVICE_FAMILY = "1,2";
			};
			name = Debug;
		};
		E96AB3A32362E433001D0B2C /* Release */ = {
			isa = XCBuildConfiguration;
			buildSettings = {
				ASSETCATALOG_COMPILER_APPICON_NAME = AppIcon;
				CODE_SIGN_STYLE = Automatic;
				INFOPLIST_FILE = TableviewTextfield/Info.plist;
				IPHONEOS_DEPLOYMENT_TARGET = 11.4;
				LD_RUNPATH_SEARCH_PATHS = (
					"$(inherited)",
					"@executable_path/Frameworks",
				);
				PRODUCT_BUNDLE_IDENTIFIER = com.neosofttech.FlashDemo.TableviewTextfield;
				PRODUCT_NAME = "$(TARGET_NAME)";
				SWIFT_VERSION = 4.2;
				TARGETED_DEVICE_FAMILY = "1,2";
			};
			name = Release;
		};
/* End XCBuildConfiguration section */

/* Begin XCConfigurationList section */
		E96AB38A2362E431001D0B2C /* Build configuration list for PBXProject "TableviewTextfield" */ = {
			isa = XCConfigurationList;
			buildConfigurations = (
				E96AB39F2362E433001D0B2C /* Debug */,
				E96AB3A02362E433001D0B2C /* Release */,
			);
			defaultConfigurationIsVisible = 0;
			defaultConfigurationName = Release;
		};
		E96AB3A12362E433001D0B2C /* Build configuration list for PBXNativeTarget "TableviewTextfield" */ = {
			isa = XCConfigurationList;
			buildConfigurations = (
				E96AB3A22362E433001D0B2C /* Debug */,
				E96AB3A32362E433001D0B2C /* Release */,
			);
			defaultConfigurationIsVisible = 0;
			defaultConfigurationName = Release;
		};
/* End XCConfigurationList section */
	};
	rootObject = E96AB3872362E431001D0B2C /* Project object */;
}
